
Microsoft Visual Studio Solution File, Format Version 12.00
# Visual Studio Version 16
VisualStudioVersion = 16.0.30626.31
MinimumVisualStudioVersion = 10.0.40219.1
Project("{FAE04EC0-301F-11D3-BF4B-00C04F79EFBC}") = "Sonic-Download-Manger", "Sonic-Download-Manger\Sonic-Download-Manger.csproj", "{74FA18E5-EB3C-4253-BE81-DEEF3ACC145A}"
EndProject
Global
	GlobalSection(SolutionConfigurationPlatforms) = preSolution
		Debug|Any CPU = Debug|Any CPU
		Release|Any CPU = Release|Any CPU
	EndGlobalSection
	GlobalSection(ProjectConfigurationPlatforms) = postSolution
		{74FA18E5-EB3C-4253-BE81-DEEF3ACC145A}.Debug|Any CPU.ActiveCfg = Debug|Any CPU
		{74FA18E5-EB3C-4253-BE81-DEEF3ACC145A}.Debug|Any CPU.Build.0 = Debug|Any CPU
		{74FA18E5-EB3C-4253-BE81-DEEF3ACC145A}.Release|Any CPU.ActiveCfg = Release|Any CPU
		{74FA18E5-EB3C-4253-BE81-DEEF3ACC145A}.Release|Any CPU.Build.0 = Release|Any CPU
	EndGlobalSection
	GlobalSection(SolutionProperties) = preSolution
		HideSolutionNode = FALSE
	EndGlobalSection
	GlobalSection(ExtensibilityGlobals) = postSolution
		SolutionGuid = {6D911F09-342C-44DB-9003-B37397D81B51}
	EndGlobalSection
EndGlobal
