
Microsoft Visual Studio Solution File, Format Version 12.00
# Visual Studio Version 16
VisualStudioVersion = 16.0.30128.36
MinimumVisualStudioVersion = 10.0.40219.1
Project("{FAE04EC0-301F-11D3-BF4B-00C04F79EFBC}") = "Sonic-Downloader", "Sonic-Downloader\Sonic-Downloader.csproj", "{C547768E-83D0-4956-B4FD-A4C24A5909A1}"
EndProject
Global
	GlobalSection(SolutionConfigurationPlatforms) = preSolution
		Debug|Any CPU = Debug|Any CPU
		Release|Any CPU = Release|Any CPU
	EndGlobalSection
	GlobalSection(ProjectConfigurationPlatforms) = postSolution
		{C547768E-83D0-4956-B4FD-A4C24A5909A1}.Debug|Any CPU.ActiveCfg = Debug|Any CPU
		{C547768E-83D0-4956-B4FD-A4C24A5909A1}.Debug|Any CPU.Build.0 = Debug|Any CPU
		{C547768E-83D0-4956-B4FD-A4C24A5909A1}.Release|Any CPU.ActiveCfg = Release|Any CPU
		{C547768E-83D0-4956-B4FD-A4C24A5909A1}.Release|Any CPU.Build.0 = Release|Any CPU
	EndGlobalSection
	GlobalSection(SolutionProperties) = preSolution
		HideSolutionNode = FALSE
	EndGlobalSection
	GlobalSection(ExtensibilityGlobals) = postSolution
		SolutionGuid = {30733009-75BD-4A3F-BDB4-7FF5A5B7E438}
	EndGlobalSection
EndGlobal
